{
  "nodes": {
    "bitcoin-core-bench": {
      "inputs": {
        "nixpkgs": [
          "nixpkgs-unstable"
        ]
      },
      "locked": {
        "path": "./jobs/bitcoin-core-bench",
        "type": "path"
      },
      "original": {
        "path": "./jobs/bitcoin-core-bench",
        "type": "path"
      },
      "parent": []
    },
    "bitcoin-core-guix": {
      "inputs": {
        "nixpkgs": [
          "nixpkgs-unstable"
        ]
      },
      "locked": {
        "path": "./jobs/bitcoin-core-guix",
        "type": "path"
      },
      "original": {
        "path": "./jobs/bitcoin-core-guix",
        "type": "path"
      },
      "parent": []
    },
    "bitcoin-core-nightly": {
      "inputs": {
        "nixpkgs": [
          "nixpkgs-unstable"
        ]
      },
      "locked": {
        "path": "./jobs/bitcoin-core-nightly",
        "type": "path"
      },
      "original": {
        "path": "./jobs/bitcoin-core-nightly",
        "type": "path"
      },
      "parent": []
    },
    "bitcoin-core-valgrind-fuzz": {
      "inputs": {
        "nixpkgs": [
          "nixpkgs-unstable"
        ]
      },
      "locked": {
        "path": "./jobs/bitcoin-core-valgrind-fuzz",
        "type": "path"
      },
      "original": {
        "path": "./jobs/bitcoin-core-valgrind-fuzz",
        "type": "path"
      },
      "parent": []
    },
    "nixpkgs": {
      "locked": {
        "lastModified": 1778430510,
        "narHash": "sha256-Ti+ZBvW6yrWWAg2szExVTwCd4qOJ3KlVr1tFHfyfi8Q=",
        "owner": "NixOS",
        "repo": "nixpkgs",
        "rev": "8fd9daa3db09ced9700431c5b7ad0e8ba199b575",
        "type": "github"
      },
      "original": {
        "owner": "NixOS",
        "ref": "nixos-25.11",
        "repo": "nixpkgs",
        "type": "github"
      }
    },
    "nixpkgs-unstable": {
      "locked": {
        "lastModified": 1779786838,
        "narHash": "sha256-0geHoGiR5f8qiXg+gO4rSF6Up6Var+kKqiOv9AO/uUc=",
        "owner": "NixOS",
        "repo": "nixpkgs",
        "rev": "f44f7788c891fbe5542177df78374f8cdab10e8f",
        "type": "github"
      },
      "original": {
        "owner": "NixOS",
        "ref": "nixpkgs-unstable",
        "repo": "nixpkgs",
        "type": "github"
      }
    },
    "root": {
      "inputs": {
        "bitcoin-core-bench": "bitcoin-core-bench",
        "bitcoin-core-guix": "bitcoin-core-guix",
        "bitcoin-core-nightly": "bitcoin-core-nightly",
        "bitcoin-core-valgrind-fuzz": "bitcoin-core-valgrind-fuzz",
        "nixpkgs": "nixpkgs",
        "nixpkgs-unstable": "nixpkgs-unstable",
        "sops-nix": "sops-nix"
      }
    },
    "sops-nix": {
      "inputs": {
        "nixpkgs": [
          "nixpkgs"
        ]
      },
      "locked": {
        "lastModified": 1777944972,
        "narHash": "sha256-VfGRo1qTBKOe3s2gOv8LSoA6Fk19PvBlwQ1ECN0Evn8=",
        "owner": "Mic92",
        "repo": "sops-nix",
        "rev": "c591bf665727040c6cc5cb409079acb22dcce33c",
        "type": "github"
      },
      "original": {
        "owner": "Mic92",
        "repo": "sops-nix",
        "type": "github"
      }
    }
  },
  "root": "root",
  "version": 7
}
